
Microsoft Visual Studio Solution File, Format Version 12.00
# Visual Studio 14
VisualStudioVersion = 14.0.25420.1
MinimumVisualStudioVersion = 10.0.40219.1
Project("{CC5FD16D-436D-48AD-A40C-5A424C6E3E79}") = "AzureCloudService", "AzureCloudService\AzureCloudService.ccproj", "{50C69FA3-AE9E-4C43-943A-7620B33E25FF}"
EndProject
Project("{FAE04EC0-301F-11D3-BF4B-00C04F79EFBC}") = "WebRole1", "WebRole1\WebRole1.csproj", "{38F51AD2-C10C-4903-9D9F-B29566D60BA2}"
EndProject
Global
	GlobalSection(SolutionConfigurationPlatforms) = preSolution
		Debug|Any CPU = Debug|Any CPU
		Release|Any CPU = Release|Any CPU
	EndGlobalSection
	GlobalSection(ProjectConfigurationPlatforms) = postSolution
		{50C69FA3-AE9E-4C43-943A-7620B33E25FF}.Debug|Any CPU.ActiveCfg = Debug|Any CPU
		{50C69FA3-AE9E-4C43-943A-7620B33E25FF}.Debug|Any CPU.Build.0 = Debug|Any CPU
		{50C69FA3-AE9E-4C43-943A-7620B33E25FF}.Release|Any CPU.ActiveCfg = Release|Any CPU
		{50C69FA3-AE9E-4C43-943A-7620B33E25FF}.Release|Any CPU.Build.0 = Release|Any CPU
		{38F51AD2-C10C-4903-9D9F-B29566D60BA2}.Debug|Any CPU.ActiveCfg = Debug|Any CPU
		{38F51AD2-C10C-4903-9D9F-B29566D60BA2}.Debug|Any CPU.Build.0 = Debug|Any CPU
		{38F51AD2-C10C-4903-9D9F-B29566D60BA2}.Release|Any CPU.ActiveCfg = Release|Any CPU
		{38F51AD2-C10C-4903-9D9F-B29566D60BA2}.Release|Any CPU.Build.0 = Release|Any CPU
	EndGlobalSection
	GlobalSection(SolutionProperties) = preSolution
		HideSolutionNode = FALSE
	EndGlobalSection
EndGlobal
